
Microsoft Visual Studio Solution File, Format Version 12.00
# Visual Studio Version 17
VisualStudioVersion = 17.1.32328.378
MinimumVisualStudioVersion = 10.0.40219.1
Project("{888888A0-9F3D-457C-B088-3A5042F75D52}") = "Модули и пакеты", "Модули и пакеты\Модули и пакеты.pyproj", "{21C06CB2-7204-45CE-9FC6-FA3A817797CC}"
EndProject
Global
	GlobalSection(SolutionConfigurationPlatforms) = preSolution
		Debug|Any CPU = Debug|Any CPU
		Release|Any CPU = Release|Any CPU
	EndGlobalSection
	GlobalSection(ProjectConfigurationPlatforms) = postSolution
		{21C06CB2-7204-45CE-9FC6-FA3A817797CC}.Debug|Any CPU.ActiveCfg = Debug|Any CPU
		{21C06CB2-7204-45CE-9FC6-FA3A817797CC}.Release|Any CPU.ActiveCfg = Release|Any CPU
	EndGlobalSection
	GlobalSection(SolutionProperties) = preSolution
		HideSolutionNode = FALSE
	EndGlobalSection
	GlobalSection(ExtensibilityGlobals) = postSolution
		SolutionGuid = {08334B75-7BAC-4DF4-A99E-D7D4D2628632}
	EndGlobalSection
EndGlobal
